// !$*UTF8*$!
{
	archiveVersion = 1;
	classes = {
	};
	objectVersion = 50;
	objects = {

/* Begin PBXBuildFile section */
		1EB75F0E23BAB5E700636D86 /* AppDelegate.swift in Sources */ = {isa = PBXBuildFile; fileRef = 1EB75F0D23BAB5E700636D86 /* AppDelegate.swift */; };
		1EB75F1023BAB5E700636D86 /* SceneDelegate.swift in Sources */ = {isa = PBXBuildFile; fileRef = 1EB75F0F23BAB5E700636D86 /* SceneDelegate.swift */; };
		1EB75F1223BAB5E700636D86 /* MainViewController.swift in Sources */ = {isa = PBXBuildFile; fileRef = 1EB75F1123BAB5E700636D86 /* MainViewController.swift */; };
		1EB75F1523BAB5E700636D86 /* Main.storyboard in Resources */ = {isa = PBXBuildFile; fileRef = 1EB75F1323BAB5E700636D86 /* Main.storyboard */; };
		1EB75F1723BAB5EC00636D86 /* Assets.xcassets in Resources */ = {isa = PBXBuildFile; fileRef = 1EB75F1623BAB5EC00636D86 /* Assets.xcassets */; };
		1EB75F1A23BAB5EC00636D86 /* LaunchScreen.storyboard in Resources */ = {isa = PBXBuildFile; fileRef = 1EB75F1823BAB5EC00636D86 /* LaunchScreen.storyboard */; };
		1EB75F2A23BAB73800636D86 /* UnitTestViewControllersTests.swift in Sources */ = {isa = PBXBuildFile; fileRef = 1EB75F2923BAB73800636D86 /* UnitTestViewControllersTests.swift */; };
		1EB75F3223BAB79700636D86 /* PresenterMock.swift in Sources */ = {isa = PBXBuildFile; fileRef = 1EB75F3123BAB79700636D86 /* PresenterMock.swift */; };
		1EB75F3323BAB8E500636D86 /* PresenterMock.swift in Sources */ = {isa = PBXBuildFile; fileRef = 1EB75F3123BAB79700636D86 /* PresenterMock.swift */; };
/* End PBXBuildFile section */

/* Begin PBXContainerItemProxy section */
		1EB75F2C23BAB73800636D86 /* PBXContainerItemProxy */ = {
			isa = PBXContainerItemProxy;
			containerPortal = 1EB75F0223BAB5E700636D86 /* Project object */;
			proxyType = 1;
			remoteGlobalIDString = 1EB75F0923BAB5E700636D86;
			remoteInfo = UnitTestViewControllers;
		};
/* End PBXContainerItemProxy section */

/* Begin PBXFileReference section */
		1EB75F0A23BAB5E700636D86 /* UnitTestViewControllers.app */ = {isa = PBXFileReference; explicitFileType = wrapper.application; includeInIndex = 0; path = UnitTestViewControllers.app; sourceTree = BUILT_PRODUCTS_DIR; };
		1EB75F0D23BAB5E700636D86 /* AppDelegate.swift */ = {isa = PBXFileReference; lastKnownFileType = sourcecode.swift; path = AppDelegate.swift; sourceTree = "<group>"; };
		1EB75F0F23BAB5E700636D86 /* SceneDelegate.swift */ = {isa = PBXFileReference; lastKnownFileType = sourcecode.swift; path = SceneDelegate.swift; sourceTree = "<group>"; };
		1EB75F1123BAB5E700636D86 /* MainViewController.swift */ = {isa = PBXFileReference; lastKnownFileType = sourcecode.swift; path = MainViewController.swift; sourceTree = "<group>"; };
		1EB75F1423BAB5E700636D86 /* Base */ = {isa = PBXFileReference; lastKnownFileType = file.storyboard; name = Base; path = Base.lproj/Main.storyboard; sourceTree = "<group>"; };
		1EB75F1623BAB5EC00636D86 /* Assets.xcassets */ = {isa = PBXFileReference; lastKnownFileType = folder.assetcatalog; path = Assets.xcassets; sourceTree = "<group>"; };
		1EB75F1923BAB5EC00636D86 /* Base */ = {isa = PBXFileReference; lastKnownFileType = file.storyboard; name = Base; path = Base.lproj/LaunchScreen.storyboard; sourceTree = "<group>"; };
		1EB75F1B23BAB5EC00636D86 /* Info.plist */ = {isa = PBXFileReference; lastKnownFileType = text.plist.xml; path = Info.plist; sourceTree = "<group>"; };
		1EB75F2723BAB73800636D86 /* UnitTestViewControllersTests.xctest */ = {isa = PBXFileReference; explicitFileType = wrapper.cfbundle; includeInIndex = 0; path = UnitTestViewControllersTests.xctest; sourceTree = BUILT_PRODUCTS_DIR; };
		1EB75F2923BAB73800636D86 /* UnitTestViewControllersTests.swift */ = {isa = PBXFileReference; lastKnownFileType = sourcecode.swift; path = UnitTestViewControllersTests.swift; sourceTree = "<group>"; };
		1EB75F2B23BAB73800636D86 /* Info.plist */ = {isa = PBXFileReference; lastKnownFileType = text.plist.xml; path = Info.plist; sourceTree = "<group>"; };
		1EB75F3123BAB79700636D86 /* PresenterMock.swift */ = {isa = PBXFileReference; lastKnownFileType = sourcecode.swift; path = PresenterMock.swift; sourceTree = "<group>"; };
/* End PBXFileReference section */

/* Begin PBXFrameworksBuildPhase section */
		1EB75F0723BAB5E700636D86 /* Frameworks */ = {
			isa = PBXFrameworksBuildPhase;
			buildActionMask = 2147483647;
			files = (
			);
			runOnlyForDeploymentPostprocessing = 0;
		};
		1EB75F2423BAB73800636D86 /* Frameworks */ = {
			isa = PBXFrameworksBuildPhase;
			buildActionMask = 2147483647;
			files = (
			);
			runOnlyForDeploymentPostprocessing = 0;
		};
/* End PBXFrameworksBuildPhase section */

/* Begin PBXGroup section */
		1EB75F0123BAB5E700636D86 = {
			isa = PBXGroup;
			children = (
				1EB75F0C23BAB5E700636D86 /* UnitTestViewControllers */,
				1EB75F2823BAB73800636D86 /* UnitTestViewControllersTests */,
				1EB75F0B23BAB5E700636D86 /* Products */,
			);
			sourceTree = "<group>";
		};
		1EB75F0B23BAB5E700636D86 /* Products */ = {
			isa = PBXGroup;
			children = (
				1EB75F0A23BAB5E700636D86 /* UnitTestViewControllers.app */,
				1EB75F2723BAB73800636D86 /* UnitTestViewControllersTests.xctest */,
			);
			name = Products;
			sourceTree = "<group>";
		};
		1EB75F0C23BAB5E700636D86 /* UnitTestViewControllers */ = {
			isa = PBXGroup;
			children = (
				1EB75F0D23BAB5E700636D86 /* AppDelegate.swift */,
				1EB75F0F23BAB5E700636D86 /* SceneDelegate.swift */,
				1EB75F1123BAB5E700636D86 /* MainViewController.swift */,
				1EB75F1323BAB5E700636D86 /* Main.storyboard */,
				1EB75F1623BAB5EC00636D86 /* Assets.xcassets */,
				1EB75F1823BAB5EC00636D86 /* LaunchScreen.storyboard */,
				1EB75F1B23BAB5EC00636D86 /* Info.plist */,
			);
			path = UnitTestViewControllers;
			sourceTree = "<group>";
		};
		1EB75F2823BAB73800636D86 /* UnitTestViewControllersTests */ = {
			isa = PBXGroup;
			children = (
				1EB75F2923BAB73800636D86 /* UnitTestViewControllersTests.swift */,
				1EB75F3123BAB79700636D86 /* PresenterMock.swift */,
				1EB75F2B23BAB73800636D86 /* Info.plist */,
			);
			path = UnitTestViewControllersTests;
			sourceTree = "<group>";
		};
/* End PBXGroup section */

/* Begin PBXNativeTarget section */
		1EB75F0923BAB5E700636D86 /* UnitTestViewControllers */ = {
			isa = PBXNativeTarget;
			buildConfigurationList = 1EB75F1E23BAB5EC00636D86 /* Build configuration list for PBXNativeTarget "UnitTestViewControllers" */;
			buildPhases = (
				1EB75F0623BAB5E700636D86 /* Sources */,
				1EB75F0723BAB5E700636D86 /* Frameworks */,
				1EB75F0823BAB5E700636D86 /* Resources */,
			);
			buildRules = (
			);
			dependencies = (
			);
			name = UnitTestViewControllers;
			productName = UnitTestViewControllers;
			productReference = 1EB75F0A23BAB5E700636D86 /* UnitTestViewControllers.app */;
			productType = "com.apple.product-type.application";
		};
		1EB75F2623BAB73800636D86 /* UnitTestViewControllersTests */ = {
			isa = PBXNativeTarget;
			buildConfigurationList = 1EB75F2E23BAB73800636D86 /* Build configuration list for PBXNativeTarget "UnitTestViewControllersTests" */;
			buildPhases = (
				1EB75F2323BAB73800636D86 /* Sources */,
				1EB75F2423BAB73800636D86 /* Frameworks */,
				1EB75F2523BAB73800636D86 /* Resources */,
			);
			buildRules = (
			);
			dependencies = (
				1EB75F2D23BAB73800636D86 /* PBXTargetDependency */,
			);
			name = UnitTestViewControllersTests;
			productName = UnitTestViewControllersTests;
			productReference = 1EB75F2723BAB73800636D86 /* UnitTestViewControllersTests.xctest */;
			productType = "com.apple.product-type.bundle.unit-test";
		};
/* End PBXNativeTarget section */

/* Begin PBXProject section */
		1EB75F0223BAB5E700636D86 /* Project object */ = {
			isa = PBXProject;
			attributes = {
				LastSwiftUpdateCheck = 1120;
				LastUpgradeCheck = 1120;
				ORGANIZATIONNAME = huda.elhady;
				TargetAttributes = {
					1EB75F0923BAB5E700636D86 = {
						CreatedOnToolsVersion = 11.2;
					};
					1EB75F2623BAB73800636D86 = {
						CreatedOnToolsVersion = 11.2;
						TestTargetID = 1EB75F0923BAB5E700636D86;
					};
				};
			};
			buildConfigurationList = 1EB75F0523BAB5E700636D86 /* Build configuration list for PBXProject "UnitTestViewControllers" */;
			compatibilityVersion = "Xcode 9.3";
			developmentRegion = en;
			hasScannedForEncodings = 0;
			knownRegions = (
				en,
				Base,
			);
			mainGroup = 1EB75F0123BAB5E700636D86;
			productRefGroup = 1EB75F0B23BAB5E700636D86 /* Products */;
			projectDirPath = "";
			projectRoot = "";
			targets = (
				1EB75F0923BAB5E700636D86 /* UnitTestViewControllers */,
				1EB75F2623BAB73800636D86 /* UnitTestViewControllersTests */,
			);
		};
/* End PBXProject section */

/* Begin PBXResourcesBuildPhase section */
		1EB75F0823BAB5E700636D86 /* Resources */ = {
			isa = PBXResourcesBuildPhase;
			buildActionMask = 2147483647;
			files = (
				1EB75F1A23BAB5EC00636D86 /* LaunchScreen.storyboard in Resources */,
				1EB75F1723BAB5EC00636D86 /* Assets.xcassets in Resources */,
				1EB75F1523BAB5E700636D86 /* Main.storyboard in Resources */,
			);
			runOnlyForDeploymentPostprocessing = 0;
		};
		1EB75F2523BAB73800636D86 /* Resources */ = {
			isa = PBXResourcesBuildPhase;
			buildActionMask = 2147483647;
			files = (
			);
			runOnlyForDeploymentPostprocessing = 0;
		};
/* End PBXResourcesBuildPhase section */

/* Begin PBXSourcesBuildPhase section */
		1EB75F0623BAB5E700636D86 /* Sources */ = {
			isa = PBXSourcesBuildPhase;
			buildActionMask = 2147483647;
			files = (
				1EB75F3323BAB8E500636D86 /* PresenterMock.swift in Sources */,
				1EB75F1223BAB5E700636D86 /* MainViewController.swift in Sources */,
				1EB75F0E23BAB5E700636D86 /* AppDelegate.swift in Sources */,
				1EB75F1023BAB5E700636D86 /* SceneDelegate.swift in Sources */,
			);
			runOnlyForDeploymentPostprocessing = 0;
		};
		1EB75F2323BAB73800636D86 /* Sources */ = {
			isa = PBXSourcesBuildPhase;
			buildActionMask = 2147483647;
			files = (
				1EB75F3223BAB79700636D86 /* PresenterMock.swift in Sources */,
				1EB75F2A23BAB73800636D86 /* UnitTestViewControllersTests.swift in Sources */,
			);
			runOnlyForDeploymentPostprocessing = 0;
		};
/* End PBXSourcesBuildPhase section */

/* Begin PBXTargetDependency section */
		1EB75F2D23BAB73800636D86 /* PBXTargetDependency */ = {
			isa = PBXTargetDependency;
			target = 1EB75F0923BAB5E700636D86 /* UnitTestViewControllers */;
			targetProxy = 1EB75F2C23BAB73800636D86 /* PBXContainerItemProxy */;
		};
/* End PBXTargetDependency section */

/* Begin PBXVariantGroup section */
		1EB75F1323BAB5E700636D86 /* Main.storyboard */ = {
			isa = PBXVariantGroup;
			children = (
				1EB75F1423BAB5E700636D86 /* Base */,
			);
			name = Main.storyboard;
			sourceTree = "<group>";
		};
		1EB75F1823BAB5EC00636D86 /* LaunchScreen.storyboard */ = {
			isa = PBXVariantGroup;
			children = (
				1EB75F1923BAB5EC00636D86 /* Base */,
			);
			name = LaunchScreen.storyboard;
			sourceTree = "<group>";
		};
/* End PBXVariantGroup section */

/* Begin XCBuildConfiguration section */
		1EB75F1C23BAB5EC00636D86 /* Debug */ = {
			isa = XCBuildConfiguration;
			buildSettings = {
				ALWAYS_SEARCH_USER_PATHS = NO;
				CLANG_ANALYZER_NONNULL = YES;
				CLANG_ANALYZER_NUMBER_OBJECT_CONVERSION = YES_AGGRESSIVE;
				CLANG_CXX_LANGUAGE_STANDARD = "gnu++14";
				CLANG_CXX_LIBRARY = "libc++";
				CLANG_ENABLE_MODULES = YES;
				CLANG_ENABLE_OBJC_ARC = YES;
				CLANG_ENABLE_OBJC_WEAK = YES;
				CLANG_WARN_BLOCK_CAPTURE_AUTORELEASING = YES;
				CLANG_WARN_BOOL_CONVERSION = YES;
				CLANG_WARN_COMMA = YES;
				CLANG_WARN_CONSTANT_CONVERSION = YES;
				CLANG_WARN_DEPRECATED_OBJC_IMPLEMENTATIONS = YES;
				CLANG_WARN_DIRECT_OBJC_ISA_USAGE = YES_ERROR;
				CLANG_WARN_DOCUMENTATION_COMMENTS = YES;
				CLANG_WARN_EMPTY_BODY = YES;
				CLANG_WARN_ENUM_CONVERSION = YES;
				CLANG_WARN_INFINITE_RECURSION = YES;
				CLANG_WARN_INT_CONVERSION = YES;
				CLANG_WARN_NON_LITERAL_NULL_CONVERSION = YES;
				CLANG_WARN_OBJC_IMPLICIT_RETAIN_SELF = YES;
				CLANG_WARN_OBJC_LITERAL_CONVERSION = YES;
				CLANG_WARN_OBJC_ROOT_CLASS = YES_ERROR;
				CLANG_WARN_RANGE_LOOP_ANALYSIS = YES;
				CLANG_WARN_STRICT_PROTOTYPES = YES;
				CLANG_WARN_SUSPICIOUS_MOVE = YES;
				CLANG_WARN_UNGUARDED_AVAILABILITY = YES_AGGRESSIVE;
				CLANG_WARN_UNREACHABLE_CODE = YES;
				CLANG_WARN__DUPLICATE_METHOD_MATCH = YES;
				COPY_PHASE_STRIP = NO;
				DEBUG_INFORMATION_FORMAT = dwarf;
				ENABLE_STRICT_OBJC_MSGSEND = YES;
				ENABLE_TESTABILITY = YES;
				GCC_C_LANGUAGE_STANDARD = gnu11;
				GCC_DYNAMIC_NO_PIC = NO;
				GCC_NO_COMMON_BLOCKS = YES;
				GCC_OPTIMIZATION_LEVEL = 0;
				GCC_PREPROCESSOR_DEFINITIONS = (
					"DEBUG=1",
					"$(inherited)",
				);
				GCC_WARN_64_TO_32_BIT_CONVERSION = YES;
				GCC_WARN_ABOUT_RETURN_TYPE = YES_ERROR;
				GCC_WARN_UNDECLARED_SELECTOR = YES;
				GCC_WARN_UNINITIALIZED_AUTOS = YES_AGGRESSIVE;
				GCC_WARN_UNUSED_FUNCTION = YES;
				GCC_WARN_UNUSED_VARIABLE = YES;
				IPHONEOS_DEPLOYMENT_TARGET = 13.2;
				MTL_ENABLE_DEBUG_INFO = INCLUDE_SOURCE;
				MTL_FAST_MATH = YES;
				ONLY_ACTIVE_ARCH = YES;
				SDKROOT = iphoneos;
				SWIFT_ACTIVE_COMPILATION_CONDITIONS = DEBUG;
				SWIFT_OPTIMIZATION_LEVEL = "-Onone";
			};
			name = Debug;
		};
		1EB75F1D23BAB5EC00636D86 /* Release */ = {
			isa = XCBuildConfiguration;
			buildSettings = {
				ALWAYS_SEARCH_USER_PATHS = NO;
				CLANG_ANALYZER_NONNULL = YES;
				CLANG_ANALYZER_NUMBER_OBJECT_CONVERSION = YES_AGGRESSIVE;
				CLANG_CXX_LANGUAGE_STANDARD = "gnu++14";
				CLANG_CXX_LIBRARY = "libc++";
				CLANG_ENABLE_MODULES = YES;
				CLANG_ENABLE_OBJC_ARC = YES;
				CLANG_ENABLE_OBJC_WEAK = YES;
				CLANG_WARN_BLOCK_CAPTURE_AUTORELEASING = YES;
				CLANG_WARN_BOOL_CONVERSION = YES;
				CLANG_WARN_COMMA = YES;
				CLANG_WARN_CONSTANT_CONVERSION = YES;
				CLANG_WARN_DEPRECATED_OBJC_IMPLEMENTATIONS = YES;
				CLANG_WARN_DIRECT_OBJC_ISA_USAGE = YES_ERROR;
				CLANG_WARN_DOCUMENTATION_COMMENTS = YES;
				CLANG_WARN_EMPTY_BODY = YES;
				CLANG_WARN_ENUM_CONVERSION = YES;
				CLANG_WARN_INFINITE_RECURSION = YES;
				CLANG_WARN_INT_CONVERSION = YES;
				CLANG_WARN_NON_LITERAL_NULL_CONVERSION = YES;
				CLANG_WARN_OBJC_IMPLICIT_RETAIN_SELF = YES;
				CLANG_WARN_OBJC_LITERAL_CONVERSION = YES;
				CLANG_WARN_OBJC_ROOT_CLASS = YES_ERROR;
				CLANG_WARN_RANGE_LOOP_ANALYSIS = YES;
				CLANG_WARN_STRICT_PROTOTYPES = YES;
				CLANG_WARN_SUSPICIOUS_MOVE = YES;
				CLANG_WARN_UNGUARDED_AVAILABILITY = YES_AGGRESSIVE;
				CLANG_WARN_UNREACHABLE_CODE = YES;
				CLANG_WARN__DUPLICATE_METHOD_MATCH = YES;
				COPY_PHASE_STRIP = NO;
				DEBUG_INFORMATION_FORMAT = "dwarf-with-dsym";
				ENABLE_NS_ASSERTIONS = NO;
				ENABLE_STRICT_OBJC_MSGSEND = YES;
				GCC_C_LANGUAGE_STANDARD = gnu11;
				GCC_NO_COMMON_BLOCKS = YES;
				GCC_WARN_64_TO_32_BIT_CONVERSION = YES;
				GCC_WARN_ABOUT_RETURN_TYPE = YES_ERROR;
				GCC_WARN_UNDECLARED_SELECTOR = YES;
				GCC_WARN_UNINITIALIZED_AUTOS = YES_AGGRESSIVE;
				GCC_WARN_UNUSED_FUNCTION = YES;
				GCC_WARN_UNUSED_VARIABLE = YES;
				IPHONEOS_DEPLOYMENT_TARGET = 13.2;
				MTL_ENABLE_DEBUG_INFO = NO;
				MTL_FAST_MATH = YES;
				SDKROOT = iphoneos;
				SWIFT_COMPILATION_MODE = wholemodule;
				SWIFT_OPTIMIZATION_LEVEL = "-O";
				VALIDATE_PRODUCT = YES;
			};
			name = Release;
		};
		1EB75F1F23BAB5EC00636D86 /* Debug */ = {
			isa = XCBuildConfiguration;
			buildSettings = {
				ASSETCATALOG_COMPILER_APPICON_NAME = AppIcon;
				CODE_SIGN_STYLE = Automatic;
				DEVELOPMENT_TEAM = B9MRWB6593;
				INFOPLIST_FILE = UnitTestViewControllers/Info.plist;
				LD_RUNPATH_SEARCH_PATHS = (
					"$(inherited)",
					"@executable_path/Frameworks",
				);
				PRODUCT_BUNDLE_IDENTIFIER = com.hudaelhady.UnitTestViewControllers;
				PRODUCT_NAME = "$(TARGET_NAME)";
				SWIFT_VERSION = 5.0;
				TARGETED_DEVICE_FAMILY = "1,2";
			};
			name = Debug;
		};
		1EB75F2023BAB5EC00636D86 /* Release */ = {
			isa = XCBuildConfiguration;
			buildSettings = {
				ASSETCATALOG_COMPILER_APPICON_NAME = AppIcon;
				CODE_SIGN_STYLE = Automatic;
				DEVELOPMENT_TEAM = B9MRWB6593;
				INFOPLIST_FILE = UnitTestViewControllers/Info.plist;
				LD_RUNPATH_SEARCH_PATHS = (
					"$(inherited)",
					"@executable_path/Frameworks",
				);
				PRODUCT_BUNDLE_IDENTIFIER = com.hudaelhady.UnitTestViewControllers;
				PRODUCT_NAME = "$(TARGET_NAME)";
				SWIFT_VERSION = 5.0;
				TARGETED_DEVICE_FAMILY = "1,2";
			};
			name = Release;
		};
		1EB75F2F23BAB73800636D86 /* Debug */ = {
			isa = XCBuildConfiguration;
			buildSettings = {
				BUNDLE_LOADER = "$(TEST_HOST)";
				CODE_SIGN_STYLE = Automatic;
				DEVELOPMENT_TEAM = B9MRWB6593;
				INFOPLIST_FILE = UnitTestViewControllersTests/Info.plist;
				LD_RUNPATH_SEARCH_PATHS = (
					"$(inherited)",
					"@executable_path/Frameworks",
					"@loader_path/Frameworks",
				);
				PRODUCT_BUNDLE_IDENTIFIER = com.hudaelhady.UnitTestViewControllersTests;
				PRODUCT_NAME = "$(TARGET_NAME)";
				SWIFT_VERSION = 5.0;
				TARGETED_DEVICE_FAMILY = "1,2";
				TEST_HOST = "$(BUILT_PRODUCTS_DIR)/UnitTestViewControllers.app/UnitTestViewControllers";
			};
			name = Debug;
		};
		1EB75F3023BAB73800636D86 /* Release */ = {
			isa = XCBuildConfiguration;
			buildSettings = {
				BUNDLE_LOADER = "$(TEST_HOST)";
				CODE_SIGN_STYLE = Automatic;
				DEVELOPMENT_TEAM = B9MRWB6593;
				INFOPLIST_FILE = UnitTestViewControllersTests/Info.plist;
				LD_RUNPATH_SEARCH_PATHS = (
					"$(inherited)",
					"@executable_path/Frameworks",
					"@loader_path/Frameworks",
				);
				PRODUCT_BUNDLE_IDENTIFIER = com.hudaelhady.UnitTestViewControllersTests;
				PRODUCT_NAME = "$(TARGET_NAME)";
				SWIFT_VERSION = 5.0;
				TARGETED_DEVICE_FAMILY = "1,2";
				TEST_HOST = "$(BUILT_PRODUCTS_DIR)/UnitTestViewControllers.app/UnitTestViewControllers";
			};
			name = Release;
		};
/* End XCBuildConfiguration section */

/* Begin XCConfigurationList section */
		1EB75F0523BAB5E700636D86 /* Build configuration list for PBXProject "UnitTestViewControllers" */ = {
			isa = XCConfigurationList;
			buildConfigurations = (
				1EB75F1C23BAB5EC00636D86 /* Debug */,
				1EB75F1D23BAB5EC00636D86 /* Release */,
			);
			defaultConfigurationIsVisible = 0;
			defaultConfigurationName = Release;
		};
		1EB75F1E23BAB5EC00636D86 /* Build configuration list for PBXNativeTarget "UnitTestViewControllers" */ = {
			isa = XCConfigurationList;
			buildConfigurations = (
				1EB75F1F23BAB5EC00636D86 /* Debug */,
				1EB75F2023BAB5EC00636D86 /* Release */,
			);
			defaultConfigurationIsVisible = 0;
			defaultConfigurationName = Release;
		};
		1EB75F2E23BAB73800636D86 /* Build configuration list for PBXNativeTarget "UnitTestViewControllersTests" */ = {
			isa = XCConfigurationList;
			buildConfigurations = (
				1EB75F2F23BAB73800636D86 /* Debug */,
				1EB75F3023BAB73800636D86 /* Release */,
			);
			defaultConfigurationIsVisible = 0;
			defaultConfigurationName = Release;
		};
/* End XCConfigurationList section */
	};
	rootObject = 1EB75F0223BAB5E700636D86 /* Project object */;
}
